
Microsoft Visual Studio Solution File, Format Version 12.00
# Visual Studio Version 16
VisualStudioVersion = 16.0.29613.14
MinimumVisualStudioVersion = 10.0.40219.1
Project("{00D1A9C2-B5F0-4AF3-8072-F6C62B433612}") = "SpringfieldProd", "SpringfieldProd\SpringfieldProd.sqlproj", "{0ECF53F3-81A3-4DFB-BF65-4F5AADC38A1C}"
EndProject
Project("{159641D6-6404-4A2A-AE62-294DE0FE8301}") = "Load Springfield Data Warehouse", "SSIS Packages\Load Springfield Data Warehouse.dtproj", "{CE3D5308-1BFB-4726-8D4F-34AAE1C40528}"
EndProject
Project("{00D1A9C2-B5F0-4AF3-8072-F6C62B433612}") = "TripodDW", "TripodDW\TripodDW.sqlproj", "{533DEA0A-F529-43B9-AD4B-2A7D2338ED82}"
EndProject
Project("{F14B399A-7131-4C87-9E4B-1186C45EF12D}") = "Sales Dashboard", "TripodReports\Sales Dashboard.rptproj", "{00456026-BBE6-4CAA-BFA0-26C2A78C2031}"
EndProject
Project("{00D1A9C2-B5F0-4AF3-8072-F6C62B433612}") = "SpringfieldProd_Shared", "SpringfieldProd_Shared\SpringfieldProd_Shared.sqlproj", "{98EA8823-7199-403A-AD79-1B14CBF4F192}"
EndProject
Project("{00D1A9C2-B5F0-4AF3-8072-F6C62B433612}") = "TripodDW_Shared", "TripodDW_Shared\TripodDW_Shared.sqlproj", "{DC86490F-2232-4064-832F-421EA1BFD420}"
EndProject
Project("{D2ABAB84-BF74-430A-B69E-9DC6D40DDA17}") = "TripodOrders", "TripodOrders\TripodOrders.dwproj", "{5812D31E-71E2-4CFD-BB5C-0E66A8CA41B1}"
EndProject
Project("{159641D6-6404-4A2A-AE62-294DE0FE8301}") = "TripodETL", "TripodETL\TripodETL.dtproj", "{079AACFE-DF9F-4619-98D6-63393CB5302D}"
EndProject
Global
	GlobalSection(SolutionConfigurationPlatforms) = preSolution
		CA-LAB|Any CPU = CA-LAB|Any CPU
		Development|Any CPU = Development|Any CPU
		Local|Any CPU = Local|Any CPU
		SFA-QA-SQL|Any CPU = SFA-QA-SQL|Any CPU
		SFARMORYSQL-Prod|Any CPU = SFARMORYSQL-Prod|Any CPU
		SFARMORYSQL-Test|Any CPU = SFARMORYSQL-Test|Any CPU
	EndGlobalSection
	GlobalSection(ProjectConfigurationPlatforms) = postSolution
		{0ECF53F3-81A3-4DFB-BF65-4F5AADC38A1C}.CA-LAB|Any CPU.ActiveCfg = CA-LAB|Any CPU
		{0ECF53F3-81A3-4DFB-BF65-4F5AADC38A1C}.CA-LAB|Any CPU.Build.0 = CA-LAB|Any CPU
		{0ECF53F3-81A3-4DFB-BF65-4F5AADC38A1C}.CA-LAB|Any CPU.Deploy.0 = CA-LAB|Any CPU
		{0ECF53F3-81A3-4DFB-BF65-4F5AADC38A1C}.Development|Any CPU.ActiveCfg = Debug|Any CPU
		{0ECF53F3-81A3-4DFB-BF65-4F5AADC38A1C}.Development|Any CPU.Build.0 = Debug|Any CPU
		{0ECF53F3-81A3-4DFB-BF65-4F5AADC38A1C}.Development|Any CPU.Deploy.0 = Debug|Any CPU
		{0ECF53F3-81A3-4DFB-BF65-4F5AADC38A1C}.Local|Any CPU.ActiveCfg = Local|Any CPU
		{0ECF53F3-81A3-4DFB-BF65-4F5AADC38A1C}.Local|Any CPU.Build.0 = Local|Any CPU
		{0ECF53F3-81A3-4DFB-BF65-4F5AADC38A1C}.Local|Any CPU.Deploy.0 = Local|Any CPU
		{0ECF53F3-81A3-4DFB-BF65-4F5AADC38A1C}.SFA-QA-SQL|Any CPU.ActiveCfg = SFA-QA-SQL|Any CPU
		{0ECF53F3-81A3-4DFB-BF65-4F5AADC38A1C}.SFA-QA-SQL|Any CPU.Build.0 = SFA-QA-SQL|Any CPU
		{0ECF53F3-81A3-4DFB-BF65-4F5AADC38A1C}.SFA-QA-SQL|Any CPU.Deploy.0 = SFA-QA-SQL|Any CPU
		{0ECF53F3-81A3-4DFB-BF65-4F5AADC38A1C}.SFARMORYSQL-Prod|Any CPU.ActiveCfg = SFARMORYSQL-Prod|Any CPU
		{0ECF53F3-81A3-4DFB-BF65-4F5AADC38A1C}.SFARMORYSQL-Prod|Any CPU.Build.0 = SFARMORYSQL-Prod|Any CPU
		{0ECF53F3-81A3-4DFB-BF65-4F5AADC38A1C}.SFARMORYSQL-Prod|Any CPU.Deploy.0 = SFARMORYSQL-Prod|Any CPU
		{0ECF53F3-81A3-4DFB-BF65-4F5AADC38A1C}.SFARMORYSQL-Test|Any CPU.ActiveCfg = SFARMORYSQL-Test|Any CPU
		{CE3D5308-1BFB-4726-8D4F-34AAE1C40528}.CA-LAB|Any CPU.ActiveCfg = CA-LAB
		{CE3D5308-1BFB-4726-8D4F-34AAE1C40528}.CA-LAB|Any CPU.Build.0 = CA-LAB
		{CE3D5308-1BFB-4726-8D4F-34AAE1C40528}.Development|Any CPU.ActiveCfg = SFARMORYSQL-Test
		{CE3D5308-1BFB-4726-8D4F-34AAE1C40528}.Development|Any CPU.Build.0 = SFARMORYSQL-Test
		{CE3D5308-1BFB-4726-8D4F-34AAE1C40528}.Local|Any CPU.ActiveCfg = CA-LAB
		{CE3D5308-1BFB-4726-8D4F-34AAE1C40528}.SFA-QA-SQL|Any CPU.ActiveCfg = SFA-QA-SQL
		{CE3D5308-1BFB-4726-8D4F-34AAE1C40528}.SFA-QA-SQL|Any CPU.Build.0 = SFA-QA-SQL
		{CE3D5308-1BFB-4726-8D4F-34AAE1C40528}.SFARMORYSQL-Prod|Any CPU.ActiveCfg = SFARMORYSQL-Prod
		{CE3D5308-1BFB-4726-8D4F-34AAE1C40528}.SFARMORYSQL-Prod|Any CPU.Build.0 = SFARMORYSQL-Prod
		{CE3D5308-1BFB-4726-8D4F-34AAE1C40528}.SFARMORYSQL-Test|Any CPU.ActiveCfg = SFARMORYSQL-Test
		{CE3D5308-1BFB-4726-8D4F-34AAE1C40528}.SFARMORYSQL-Test|Any CPU.Build.0 = SFARMORYSQL-Test
		{533DEA0A-F529-43B9-AD4B-2A7D2338ED82}.CA-LAB|Any CPU.ActiveCfg = CA-LAB|Any CPU
		{533DEA0A-F529-43B9-AD4B-2A7D2338ED82}.CA-LAB|Any CPU.Build.0 = CA-LAB|Any CPU
		{533DEA0A-F529-43B9-AD4B-2A7D2338ED82}.CA-LAB|Any CPU.Deploy.0 = CA-LAB|Any CPU
		{533DEA0A-F529-43B9-AD4B-2A7D2338ED82}.Development|Any CPU.ActiveCfg = Debug|Any CPU
		{533DEA0A-F529-43B9-AD4B-2A7D2338ED82}.Development|Any CPU.Build.0 = Debug|Any CPU
		{533DEA0A-F529-43B9-AD4B-2A7D2338ED82}.Development|Any CPU.Deploy.0 = Debug|Any CPU
		{533DEA0A-F529-43B9-AD4B-2A7D2338ED82}.Local|Any CPU.ActiveCfg = Local|Any CPU
		{533DEA0A-F529-43B9-AD4B-2A7D2338ED82}.Local|Any CPU.Build.0 = Local|Any CPU
		{533DEA0A-F529-43B9-AD4B-2A7D2338ED82}.Local|Any CPU.Deploy.0 = Local|Any CPU
		{533DEA0A-F529-43B9-AD4B-2A7D2338ED82}.SFA-QA-SQL|Any CPU.ActiveCfg = SFA-QA-SQL|Any CPU
		{533DEA0A-F529-43B9-AD4B-2A7D2338ED82}.SFA-QA-SQL|Any CPU.Build.0 = SFA-QA-SQL|Any CPU
		{533DEA0A-F529-43B9-AD4B-2A7D2338ED82}.SFA-QA-SQL|Any CPU.Deploy.0 = SFA-QA-SQL|Any CPU
		{533DEA0A-F529-43B9-AD4B-2A7D2338ED82}.SFARMORYSQL-Prod|Any CPU.ActiveCfg = SFARMORYSQL-Prod|Any CPU
		{533DEA0A-F529-43B9-AD4B-2A7D2338ED82}.SFARMORYSQL-Prod|Any CPU.Build.0 = SFARMORYSQL-Prod|Any CPU
		{533DEA0A-F529-43B9-AD4B-2A7D2338ED82}.SFARMORYSQL-Prod|Any CPU.Deploy.0 = SFARMORYSQL-Prod|Any CPU
		{533DEA0A-F529-43B9-AD4B-2A7D2338ED82}.SFARMORYSQL-Test|Any CPU.ActiveCfg = SFARMORYSQL-Test|Any CPU
		{00456026-BBE6-4CAA-BFA0-26C2A78C2031}.CA-LAB|Any CPU.ActiveCfg = CA-LAB
		{00456026-BBE6-4CAA-BFA0-26C2A78C2031}.CA-LAB|Any CPU.Build.0 = CA-LAB
		{00456026-BBE6-4CAA-BFA0-26C2A78C2031}.CA-LAB|Any CPU.Deploy.0 = CA-LAB
		{00456026-BBE6-4CAA-BFA0-26C2A78C2031}.Development|Any CPU.ActiveCfg = 
		{00456026-BBE6-4CAA-BFA0-26C2A78C2031}.Development|Any CPU.Build.0 = 
		{00456026-BBE6-4CAA-BFA0-26C2A78C2031}.Development|Any CPU.Deploy.0 = 
		{00456026-BBE6-4CAA-BFA0-26C2A78C2031}.Local|Any CPU.ActiveCfg = CA-LAB
		{00456026-BBE6-4CAA-BFA0-26C2A78C2031}.SFA-QA-SQL|Any CPU.ActiveCfg = SFA-QA-SQL
		{00456026-BBE6-4CAA-BFA0-26C2A78C2031}.SFA-QA-SQL|Any CPU.Build.0 = SFA-QA-SQL
		{00456026-BBE6-4CAA-BFA0-26C2A78C2031}.SFA-QA-SQL|Any CPU.Deploy.0 = SFA-QA-SQL
		{00456026-BBE6-4CAA-BFA0-26C2A78C2031}.SFARMORYSQL-Prod|Any CPU.ActiveCfg = SFARMORYSQL-Prod
		{00456026-BBE6-4CAA-BFA0-26C2A78C2031}.SFARMORYSQL-Prod|Any CPU.Build.0 = SFARMORYSQL-Prod
		{00456026-BBE6-4CAA-BFA0-26C2A78C2031}.SFARMORYSQL-Prod|Any CPU.Deploy.0 = SFARMORYSQL-Prod
		{00456026-BBE6-4CAA-BFA0-26C2A78C2031}.SFARMORYSQL-Test|Any CPU.ActiveCfg = SFARMORYSQL-Test
		{00456026-BBE6-4CAA-BFA0-26C2A78C2031}.SFARMORYSQL-Test|Any CPU.Build.0 = SFARMORYSQL-Test
		{00456026-BBE6-4CAA-BFA0-26C2A78C2031}.SFARMORYSQL-Test|Any CPU.Deploy.0 = SFARMORYSQL-Test
		{98EA8823-7199-403A-AD79-1B14CBF4F192}.CA-LAB|Any CPU.ActiveCfg = CA-LAB|Any CPU
		{98EA8823-7199-403A-AD79-1B14CBF4F192}.CA-LAB|Any CPU.Build.0 = CA-LAB|Any CPU
		{98EA8823-7199-403A-AD79-1B14CBF4F192}.CA-LAB|Any CPU.Deploy.0 = CA-LAB|Any CPU
		{98EA8823-7199-403A-AD79-1B14CBF4F192}.Development|Any CPU.ActiveCfg = Debug|Any CPU
		{98EA8823-7199-403A-AD79-1B14CBF4F192}.Development|Any CPU.Build.0 = Debug|Any CPU
		{98EA8823-7199-403A-AD79-1B14CBF4F192}.Development|Any CPU.Deploy.0 = Debug|Any CPU
		{98EA8823-7199-403A-AD79-1B14CBF4F192}.Local|Any CPU.ActiveCfg = Local|Any CPU
		{98EA8823-7199-403A-AD79-1B14CBF4F192}.Local|Any CPU.Build.0 = Local|Any CPU
		{98EA8823-7199-403A-AD79-1B14CBF4F192}.Local|Any CPU.Deploy.0 = Local|Any CPU
		{98EA8823-7199-403A-AD79-1B14CBF4F192}.SFA-QA-SQL|Any CPU.ActiveCfg = SFA-QA-SQL|Any CPU
		{98EA8823-7199-403A-AD79-1B14CBF4F192}.SFA-QA-SQL|Any CPU.Build.0 = SFA-QA-SQL|Any CPU
		{98EA8823-7199-403A-AD79-1B14CBF4F192}.SFA-QA-SQL|Any CPU.Deploy.0 = SFA-QA-SQL|Any CPU
		{98EA8823-7199-403A-AD79-1B14CBF4F192}.SFARMORYSQL-Prod|Any CPU.ActiveCfg = SFARMORYSQL-Prod|Any CPU
		{98EA8823-7199-403A-AD79-1B14CBF4F192}.SFARMORYSQL-Prod|Any CPU.Build.0 = SFARMORYSQL-Prod|Any CPU
		{98EA8823-7199-403A-AD79-1B14CBF4F192}.SFARMORYSQL-Prod|Any CPU.Deploy.0 = SFARMORYSQL-Prod|Any CPU
		{98EA8823-7199-403A-AD79-1B14CBF4F192}.SFARMORYSQL-Test|Any CPU.ActiveCfg = SFARMORYSQL-Test|Any CPU
		{DC86490F-2232-4064-832F-421EA1BFD420}.CA-LAB|Any CPU.ActiveCfg = CA-LAB|Any CPU
		{DC86490F-2232-4064-832F-421EA1BFD420}.CA-LAB|Any CPU.Build.0 = CA-LAB|Any CPU
		{DC86490F-2232-4064-832F-421EA1BFD420}.CA-LAB|Any CPU.Deploy.0 = CA-LAB|Any CPU
		{DC86490F-2232-4064-832F-421EA1BFD420}.Development|Any CPU.ActiveCfg = Debug|Any CPU
		{DC86490F-2232-4064-832F-421EA1BFD420}.Development|Any CPU.Build.0 = Debug|Any CPU
		{DC86490F-2232-4064-832F-421EA1BFD420}.Development|Any CPU.Deploy.0 = Debug|Any CPU
		{DC86490F-2232-4064-832F-421EA1BFD420}.Local|Any CPU.ActiveCfg = Local|Any CPU
		{DC86490F-2232-4064-832F-421EA1BFD420}.Local|Any CPU.Build.0 = Local|Any CPU
		{DC86490F-2232-4064-832F-421EA1BFD420}.Local|Any CPU.Deploy.0 = Local|Any CPU
		{DC86490F-2232-4064-832F-421EA1BFD420}.SFA-QA-SQL|Any CPU.ActiveCfg = SFA-QA-SQL|Any CPU
		{DC86490F-2232-4064-832F-421EA1BFD420}.SFA-QA-SQL|Any CPU.Build.0 = SFA-QA-SQL|Any CPU
		{DC86490F-2232-4064-832F-421EA1BFD420}.SFA-QA-SQL|Any CPU.Deploy.0 = SFA-QA-SQL|Any CPU
		{DC86490F-2232-4064-832F-421EA1BFD420}.SFARMORYSQL-Prod|Any CPU.ActiveCfg = SFARMORYSQL-Prod|Any CPU
		{DC86490F-2232-4064-832F-421EA1BFD420}.SFARMORYSQL-Prod|Any CPU.Build.0 = SFARMORYSQL-Prod|Any CPU
		{DC86490F-2232-4064-832F-421EA1BFD420}.SFARMORYSQL-Prod|Any CPU.Deploy.0 = SFARMORYSQL-Prod|Any CPU
		{DC86490F-2232-4064-832F-421EA1BFD420}.SFARMORYSQL-Test|Any CPU.ActiveCfg = SFARMORYSQL-Test|Any CPU
		{5812D31E-71E2-4CFD-BB5C-0E66A8CA41B1}.CA-LAB|Any CPU.ActiveCfg = CA-LAB
		{5812D31E-71E2-4CFD-BB5C-0E66A8CA41B1}.CA-LAB|Any CPU.Build.0 = CA-LAB
		{5812D31E-71E2-4CFD-BB5C-0E66A8CA41B1}.CA-LAB|Any CPU.Deploy.0 = CA-LAB
		{5812D31E-71E2-4CFD-BB5C-0E66A8CA41B1}.Development|Any CPU.ActiveCfg = Debug
		{5812D31E-71E2-4CFD-BB5C-0E66A8CA41B1}.Development|Any CPU.Build.0 = Debug
		{5812D31E-71E2-4CFD-BB5C-0E66A8CA41B1}.Development|Any CPU.Deploy.0 = Debug
		{5812D31E-71E2-4CFD-BB5C-0E66A8CA41B1}.Local|Any CPU.ActiveCfg = Local
		{5812D31E-71E2-4CFD-BB5C-0E66A8CA41B1}.SFA-QA-SQL|Any CPU.ActiveCfg = SFA-QA-SQL
		{5812D31E-71E2-4CFD-BB5C-0E66A8CA41B1}.SFA-QA-SQL|Any CPU.Build.0 = SFA-QA-SQL
		{5812D31E-71E2-4CFD-BB5C-0E66A8CA41B1}.SFA-QA-SQL|Any CPU.Deploy.0 = SFA-QA-SQL
		{5812D31E-71E2-4CFD-BB5C-0E66A8CA41B1}.SFARMORYSQL-Prod|Any CPU.ActiveCfg = SFARMORYSQL-Prod
		{5812D31E-71E2-4CFD-BB5C-0E66A8CA41B1}.SFARMORYSQL-Prod|Any CPU.Build.0 = SFARMORYSQL-Prod
		{5812D31E-71E2-4CFD-BB5C-0E66A8CA41B1}.SFARMORYSQL-Prod|Any CPU.Deploy.0 = SFARMORYSQL-Prod
		{5812D31E-71E2-4CFD-BB5C-0E66A8CA41B1}.SFARMORYSQL-Test|Any CPU.ActiveCfg = SFARMORYSQL-Test
		{079AACFE-DF9F-4619-98D6-63393CB5302D}.CA-LAB|Any CPU.ActiveCfg = Development
		{079AACFE-DF9F-4619-98D6-63393CB5302D}.CA-LAB|Any CPU.Build.0 = Development
		{079AACFE-DF9F-4619-98D6-63393CB5302D}.Development|Any CPU.ActiveCfg = Development
		{079AACFE-DF9F-4619-98D6-63393CB5302D}.Development|Any CPU.Build.0 = Development
		{079AACFE-DF9F-4619-98D6-63393CB5302D}.Local|Any CPU.ActiveCfg = Development
		{079AACFE-DF9F-4619-98D6-63393CB5302D}.Local|Any CPU.Build.0 = Development
		{079AACFE-DF9F-4619-98D6-63393CB5302D}.SFA-QA-SQL|Any CPU.ActiveCfg = Development
		{079AACFE-DF9F-4619-98D6-63393CB5302D}.SFA-QA-SQL|Any CPU.Build.0 = Development
		{079AACFE-DF9F-4619-98D6-63393CB5302D}.SFARMORYSQL-Prod|Any CPU.ActiveCfg = Development
		{079AACFE-DF9F-4619-98D6-63393CB5302D}.SFARMORYSQL-Prod|Any CPU.Build.0 = Development
		{079AACFE-DF9F-4619-98D6-63393CB5302D}.SFARMORYSQL-Test|Any CPU.ActiveCfg = Development
		{079AACFE-DF9F-4619-98D6-63393CB5302D}.SFARMORYSQL-Test|Any CPU.Build.0 = Development
	EndGlobalSection
	GlobalSection(SolutionProperties) = preSolution
		HideSolutionNode = FALSE
	EndGlobalSection
	GlobalSection(ExtensibilityGlobals) = postSolution
		SolutionGuid = {45BCFDE0-75AD-4DE8-A84B-024EE696EBF8}
	EndGlobalSection
EndGlobal
